<?xml version="1.0" encoding="utf-8"?>
<Project ToolsVersion="4.0" xmlns="http://schemas.microsoft.com/developer/msbuild/2003">
  <ItemGroup>
    <ClCompile Include="..\main.cpp" />
    <ClCompile Include="..\..\..\thirdparty\imgui\imgui.cpp">
      <Filter>imgui</Filter>
    </ClCompile>
    <ClCompile Include="..\..\..\thirdparty\imgui\imgui_draw.cpp">
      <Filter>imgui</Filter>
    </ClCompile>
    <ClCompile Include="..\..\..\thirdparty\imgui\imgui_tables.cpp">
      <Filter>imgui</Filter>
    </ClCompile>
    <ClCompile Include="..\..\..\thirdparty\imgui\imgui_widgets.cpp">
      <Filter>imgui</Filter>
    </ClCompile>
    <ClCompile Include="..\sceneview.cpp" />
  </ItemGroup>
  <ItemGroup>
    <Filter Include="include">
      <UniqueIdentifier>{ae786a73-14eb-4a7d-966d-df008dc7e708}</UniqueIdentifier>
    </Filter>
    <Filter Include="imgui">
      <UniqueIdentifier>{2ca52c1a-a877-4d2f-91f0-37e4d5387c93}</UniqueIdentifier>
    </Filter>
  </ItemGroup>
  <ItemGroup>
    <ClInclude Include="..\..\..\include\camera.h">
      <Filter>include</Filter>
    </ClInclude>
    <ClInclude Include="..\..\..\include\file.h">
      <Filter>include</Filter>
    </ClInclude>
    <ClInclude Include="..\..\..\include\gameobject.h">
      <Filter>include</Filter>
    </ClInclude>
    <ClInclude Include="..\..\..\include\light.h">
      <Filter>include</Filter>
    </ClInclude>
    <ClInclude Include="..\..\..\include\material.h">
      <Filter>include</Filter>
    </ClInclude>
    <ClInclude Include="..\..\..\include\matrix.h">
      <Filter>include</Filter>
    </ClInclude>
    <ClInclude Include="..\..\..\include\mesh.h">
      <Filter>include</Filter>
    </ClInclude>
    <ClInclude Include="..\..\..\include\quaternion.h">
      <Filter>include</Filter>
    </ClInclude>
    <ClInclude Include="..\..\..\include\renderer.h">
      <Filter>include</Filter>
    </ClInclude>
    <ClInclude Include="..\..\..\include\scene.h">
      <Filter>include</Filter>
    </ClInclude>
    <ClInclude Include="..\..\..\include\shader.h">
      <Filter>include</Filter>
    </ClInclude>
    <ClInclude Include="..\..\..\include\texture.h">
      <Filter>include</Filter>
    </ClInclude>
    <ClInclude Include="..\..\..\include\transform.h">
      <Filter>include</Filter>
    </ClInclude>
    <ClInclude Include="..\..\..\include\vec3.h">
      <Filter>include</Filter>
    </ClInclude>
    <ClInclude Include="..\..\..\include\window.h">
      <Filter>include</Filter>
    </ClInclude>
  </ItemGroup>
</Project>