<?xml version="1.0" encoding="utf-8"?>
<Project ToolsVersion="4.0" xmlns="http://schemas.microsoft.com/developer/msbuild/2003">
  <ItemGroup>
    <ClCompile Include="..\convert_obj.cpp" />
    <ClCompile Include="..\..\..\thirdparty\meshoptimizer\allocator.cpp">
      <Filter>meshoptimizer</Filter>
    </ClCompile>
    <ClCompile Include="..\..\..\thirdparty\meshoptimizer\clusterizer.cpp">
      <Filter>meshoptimizer</Filter>
    </ClCompile>
    <ClCompile Include="..\..\..\thirdparty\meshoptimizer\indexcodec.cpp">
      <Filter>meshoptimizer</Filter>
    </ClCompile>
    <ClCompile Include="..\..\..\thirdparty\meshoptimizer\indexgenerator.cpp">
      <Filter>meshoptimizer</Filter>
    </ClCompile>
    <ClCompile Include="..\..\..\thirdparty\meshoptimizer\overdrawanalyzer.cpp">
      <Filter>meshoptimizer</Filter>
    </ClCompile>
    <ClCompile Include="..\..\..\thirdparty\meshoptimizer\overdrawoptimizer.cpp">
      <Filter>meshoptimizer</Filter>
    </ClCompile>
    <ClCompile Include="..\..\..\thirdparty\meshoptimizer\quantization.cpp">
      <Filter>meshoptimizer</Filter>
    </ClCompile>
    <ClCompile Include="..\..\..\thirdparty\meshoptimizer\simplifier.cpp">
      <Filter>meshoptimizer</Filter>
    </ClCompile>
    <ClCompile Include="..\..\..\thirdparty\meshoptimizer\spatialorder.cpp">
      <Filter>meshoptimizer</Filter>
    </ClCompile>
    <ClCompile Include="..\..\..\thirdparty\meshoptimizer\stripifier.cpp">
      <Filter>meshoptimizer</Filter>
    </ClCompile>
    <ClCompile Include="..\..\..\thirdparty\meshoptimizer\vcacheanalyzer.cpp">
      <Filter>meshoptimizer</Filter>
    </ClCompile>
    <ClCompile Include="..\..\..\thirdparty\meshoptimizer\vcacheoptimizer.cpp">
      <Filter>meshoptimizer</Filter>
    </ClCompile>
    <ClCompile Include="..\..\..\thirdparty\meshoptimizer\vertexcodec.cpp">
      <Filter>meshoptimizer</Filter>
    </ClCompile>
    <ClCompile Include="..\..\..\thirdparty\meshoptimizer\vertexfilter.cpp">
      <Filter>meshoptimizer</Filter>
    </ClCompile>
    <ClCompile Include="..\..\..\thirdparty\meshoptimizer\vfetchanalyzer.cpp">
      <Filter>meshoptimizer</Filter>
    </ClCompile>
    <ClCompile Include="..\..\..\thirdparty\meshoptimizer\vfetchoptimizer.cpp">
      <Filter>meshoptimizer</Filter>
    </ClCompile>
  </ItemGroup>
  <ItemGroup>
    <Filter Include="meshoptimizer">
      <UniqueIdentifier>{33512c98-4f62-43cd-94ac-e7266dec761a}</UniqueIdentifier>
    </Filter>
    <Filter Include="include">
      <UniqueIdentifier>{957c4566-df22-4880-bb59-5ba6583d02a3}</UniqueIdentifier>
    </Filter>
  </ItemGroup>
  <ItemGroup>
    <ClInclude Include="..\..\..\thirdparty\meshoptimizer\meshoptimizer.h">
      <Filter>meshoptimizer</Filter>
    </ClInclude>
    <ClInclude Include="..\..\..\include\vec3.h">
      <Filter>include</Filter>
    </ClInclude>
  </ItemGroup>
</Project>