<?xml version="1.0" encoding="utf-8"?>
<Project ToolsVersion="4.0" xmlns="http://schemas.microsoft.com/developer/msbuild/2003">
  <ItemGroup>
    <ClCompile Include="..\game.cpp" />
    <ClCompile Include="..\mainloop.cpp" />
  </ItemGroup>
  <ItemGroup>
    <ClInclude Include="..\include\game.h" />
    <ClInclude Include="..\..\..\include\audio.h">
      <Filter>include</Filter>
    </ClInclude>
    <ClInclude Include="..\..\..\include\camera.h">
      <Filter>include</Filter>
    </ClInclude>
    <ClInclude Include="..\..\..\include\file.h">
      <Filter>include</Filter>
    </ClInclude>
    <ClInclude Include="..\..\..\include\gameobject.h">
      <Filter>include</Filter>
    </ClInclude>
    <ClInclude Include="..\..\..\include\light.h">
      <Filter>include</Filter>
    </ClInclude>
    <ClInclude Include="..\..\..\include\material.h">
      <Filter>include</Filter>
    </ClInclude>
    <ClInclude Include="..\..\..\include\mathutil.h">
      <Filter>include</Filter>
    </ClInclude>
    <ClInclude Include="..\..\..\include\matrix.h">
      <Filter>include</Filter>
    </ClInclude>
    <ClInclude Include="..\..\..\include\mesh.h">
      <Filter>include</Filter>
    </ClInclude>
    <ClInclude Include="..\..\..\include\quaternion.h">
      <Filter>include</Filter>
    </ClInclude>
    <ClInclude Include="..\..\..\include\renderer.h">
      <Filter>include</Filter>
    </ClInclude>
    <ClInclude Include="..\..\..\include\scene.h">
      <Filter>include</Filter>
    </ClInclude>
    <ClInclude Include="..\..\..\include\shader.h">
      <Filter>include</Filter>
    </ClInclude>
    <ClInclude Include="..\..\..\include\texture.h">
      <Filter>include</Filter>
    </ClInclude>
    <ClInclude Include="..\..\..\include\transform.h">
      <Filter>include</Filter>
    </ClInclude>
    <ClInclude Include="..\..\..\include\vec3.h">
      <Filter>include</Filter>
    </ClInclude>
    <ClInclude Include="..\..\..\include\window.h">
      <Filter>include</Filter>
    </ClInclude>
  </ItemGroup>
  <ItemGroup>
    <Filter Include="include">
      <UniqueIdentifier>{57cd9d44-4018-4b64-933a-de658fc93a82}</UniqueIdentifier>
    </Filter>
  </ItemGroup>
</Project>