// !$*UTF8*$!
{
	archiveVersion = 1;
	classes = {
	};
	objectVersion = 56;
	objects = {

/* Begin PBXBuildFile section */
		AB0418182BE5585A00FCCA61 /* AppDelegate.m in Sources */ = {isa = PBXBuildFile; fileRef = AB0418172BE5585A00FCCA61 /* AppDelegate.m */; };
		AB04181B2BE5585A00FCCA61 /* Renderer.m in Sources */ = {isa = PBXBuildFile; fileRef = AB04181A2BE5585A00FCCA61 /* Renderer.m */; };
		AB04181E2BE5585A00FCCA61 /* GameViewController.mm in Sources */ = {isa = PBXBuildFile; fileRef = AB04181D2BE5585A00FCCA61 /* GameViewController.mm */; };
		AB0418202BE5585A00FCCA61 /* Shaders.metal in Sources */ = {isa = PBXBuildFile; fileRef = AB04181F2BE5585A00FCCA61 /* Shaders.metal */; };
		AB0418232BE5585B00FCCA61 /* Assets.xcassets in Resources */ = {isa = PBXBuildFile; fileRef = AB0418222BE5585B00FCCA61 /* Assets.xcassets */; };
		AB0418262BE5585B00FCCA61 /* Main.storyboard in Resources */ = {isa = PBXBuildFile; fileRef = AB0418242BE5585B00FCCA61 /* Main.storyboard */; };
		AB0418282BE5585B00FCCA61 /* main.m in Sources */ = {isa = PBXBuildFile; fileRef = AB0418272BE5585B00FCCA61 /* main.m */; };
		AB2DD0732BE5597C00113F09 /* imgui_tables.cpp in Sources */ = {isa = PBXBuildFile; fileRef = AB2DD0692BE5597C00113F09 /* imgui_tables.cpp */; };
		AB2DD0742BE5597C00113F09 /* imgui_draw.cpp in Sources */ = {isa = PBXBuildFile; fileRef = AB2DD06C2BE5597C00113F09 /* imgui_draw.cpp */; };
		AB2DD0752BE5597C00113F09 /* imgui.cpp in Sources */ = {isa = PBXBuildFile; fileRef = AB2DD06F2BE5597C00113F09 /* imgui.cpp */; };
		AB2DD0762BE5597C00113F09 /* imgui_widgets.cpp in Sources */ = {isa = PBXBuildFile; fileRef = AB2DD0712BE5597C00113F09 /* imgui_widgets.cpp */; };
		AB2DD0782BE559A000113F09 /* sceneview.cpp in Sources */ = {isa = PBXBuildFile; fileRef = AB2DD0772BE559A000113F09 /* sceneview.cpp */; };
		AB2DD07B2BE559F900113F09 /* theseus.framework in Frameworks */ = {isa = PBXBuildFile; fileRef = AB2DD07A2BE559F900113F09 /* theseus.framework */; };
		AB2DD07C2BE559F900113F09 /* theseus.framework in Embed Frameworks */ = {isa = PBXBuildFile; fileRef = AB2DD07A2BE559F900113F09 /* theseus.framework */; settings = {ATTRIBUTES = (CodeSignOnCopy, RemoveHeadersOnCopy, ); }; };
		AB2DD0962BE55D2500113F09 /* fullscreen.metal in Sources */ = {isa = PBXBuildFile; fileRef = AB2DD0902BE55D2500113F09 /* fullscreen.metal */; };
		AB2DD0972BE55D2500113F09 /* bloom.metal in Sources */ = {isa = PBXBuildFile; fileRef = AB2DD0912BE55D2500113F09 /* bloom.metal */; };
		AB2DD0982BE55D2500113F09 /* skybox.metal in Sources */ = {isa = PBXBuildFile; fileRef = AB2DD0922BE55D2500113F09 /* skybox.metal */; };
		AB2DD0992BE55D2500113F09 /* unlit.metal in Sources */ = {isa = PBXBuildFile; fileRef = AB2DD0932BE55D2500113F09 /* unlit.metal */; };
		AB2DD09A2BE55D2500113F09 /* standard.metal in Sources */ = {isa = PBXBuildFile; fileRef = AB2DD0942BE55D2500113F09 /* standard.metal */; };
		AB2DD09B2BE55D2500113F09 /* ui.metal in Sources */ = {isa = PBXBuildFile; fileRef = AB2DD0952BE55D2500113F09 /* ui.metal */; };
		ABAD0F482BEE17CA00F8D98B /* MetalKit.framework in Frameworks */ = {isa = PBXBuildFile; fileRef = ABAD0F472BEE17CA00F8D98B /* MetalKit.framework */; };
		ABAD0F4A2BEE181E00F8D98B /* ModelIO.framework in Frameworks */ = {isa = PBXBuildFile; fileRef = ABAD0F492BEE181E00F8D98B /* ModelIO.framework */; };
		ABAD0F4C2BEE184500F8D98B /* Metal.framework in Frameworks */ = {isa = PBXBuildFile; fileRef = ABAD0F4B2BEE184500F8D98B /* Metal.framework */; };
		ABAD0F522BEE18EE00F8D98B /* AppKit.framework in Frameworks */ = {isa = PBXBuildFile; fileRef = ABAD0F512BEE18EE00F8D98B /* AppKit.framework */; };
/* End PBXBuildFile section */

/* Begin PBXCopyFilesBuildPhase section */
		AB2DD07D2BE559F900113F09 /* Embed Frameworks */ = {
			isa = PBXCopyFilesBuildPhase;
			buildActionMask = 2147483647;
			dstPath = "";
			dstSubfolderSpec = 10;
			files = (
				AB2DD07C2BE559F900113F09 /* theseus.framework in Embed Frameworks */,
			);
			name = "Embed Frameworks";
			runOnlyForDeploymentPostprocessing = 0;
		};
/* End PBXCopyFilesBuildPhase section */

/* Begin PBXFileReference section */
		AB0418132BE5585A00FCCA61 /* TheseusEditor.app */ = {isa = PBXFileReference; explicitFileType = wrapper.application; includeInIndex = 0; path = TheseusEditor.app; sourceTree = BUILT_PRODUCTS_DIR; };
		AB0418162BE5585A00FCCA61 /* AppDelegate.h */ = {isa = PBXFileReference; lastKnownFileType = sourcecode.c.h; path = AppDelegate.h; sourceTree = "<group>"; };
		AB0418172BE5585A00FCCA61 /* AppDelegate.m */ = {isa = PBXFileReference; lastKnownFileType = sourcecode.c.objc; path = AppDelegate.m; sourceTree = "<group>"; };
		AB0418192BE5585A00FCCA61 /* RRenderer.h */ = {isa = PBXFileReference; lastKnownFileType = sourcecode.c.h; path = RRenderer.h; sourceTree = "<group>"; };
		AB04181A2BE5585A00FCCA61 /* Renderer.m */ = {isa = PBXFileReference; lastKnownFileType = sourcecode.c.objc; path = Renderer.m; sourceTree = "<group>"; };
		AB04181C2BE5585A00FCCA61 /* GameViewController.h */ = {isa = PBXFileReference; lastKnownFileType = sourcecode.c.h; path = GameViewController.h; sourceTree = "<group>"; };
		AB04181D2BE5585A00FCCA61 /* GameViewController.mm */ = {isa = PBXFileReference; lastKnownFileType = sourcecode.cpp.objcpp; path = GameViewController.mm; sourceTree = "<group>"; };
		AB04181F2BE5585A00FCCA61 /* Shaders.metal */ = {isa = PBXFileReference; lastKnownFileType = sourcecode.metal; path = Shaders.metal; sourceTree = "<group>"; };
		AB0418212BE5585A00FCCA61 /* ShaderTypes.h */ = {isa = PBXFileReference; lastKnownFileType = sourcecode.c.h; path = ShaderTypes.h; sourceTree = "<group>"; };
		AB0418222BE5585B00FCCA61 /* Assets.xcassets */ = {isa = PBXFileReference; lastKnownFileType = folder.assetcatalog; path = Assets.xcassets; sourceTree = "<group>"; };
		AB0418252BE5585B00FCCA61 /* Base */ = {isa = PBXFileReference; lastKnownFileType = file.storyboard; name = Base; path = Base.lproj/Main.storyboard; sourceTree = "<group>"; };
		AB0418272BE5585B00FCCA61 /* main.m */ = {isa = PBXFileReference; lastKnownFileType = sourcecode.c.objc; path = main.m; sourceTree = "<group>"; };
		AB0418292BE5585B00FCCA61 /* TheseusEditor.entitlements */ = {isa = PBXFileReference; lastKnownFileType = text.plist.entitlements; path = TheseusEditor.entitlements; sourceTree = "<group>"; };
		AB2DD0692BE5597C00113F09 /* imgui_tables.cpp */ = {isa = PBXFileReference; fileEncoding = 4; lastKnownFileType = sourcecode.cpp.cpp; name = imgui_tables.cpp; path = ../../../thirdparty/imgui/imgui_tables.cpp; sourceTree = "<group>"; };
		AB2DD06A2BE5597C00113F09 /* imstb_rectpack.h */ = {isa = PBXFileReference; fileEncoding = 4; lastKnownFileType = sourcecode.c.h; name = imstb_rectpack.h; path = ../../../thirdparty/imgui/imstb_rectpack.h; sourceTree = "<group>"; };
		AB2DD06B2BE5597C00113F09 /* imstb_truetype.h */ = {isa = PBXFileReference; fileEncoding = 4; lastKnownFileType = sourcecode.c.h; name = imstb_truetype.h; path = ../../../thirdparty/imgui/imstb_truetype.h; sourceTree = "<group>"; };
		AB2DD06C2BE5597C00113F09 /* imgui_draw.cpp */ = {isa = PBXFileReference; fileEncoding = 4; lastKnownFileType = sourcecode.cpp.cpp; name = imgui_draw.cpp; path = ../../../thirdparty/imgui/imgui_draw.cpp; sourceTree = "<group>"; };
		AB2DD06D2BE5597C00113F09 /* imgui_internal.h */ = {isa = PBXFileReference; fileEncoding = 4; lastKnownFileType = sourcecode.c.h; name = imgui_internal.h; path = ../../../thirdparty/imgui/imgui_internal.h; sourceTree = "<group>"; };
		AB2DD06E2BE5597C00113F09 /* imgui.h */ = {isa = PBXFileReference; fileEncoding = 4; lastKnownFileType = sourcecode.c.h; name = imgui.h; path = ../../../thirdparty/imgui/imgui.h; sourceTree = "<group>"; };
		AB2DD06F2BE5597C00113F09 /* imgui.cpp */ = {isa = PBXFileReference; fileEncoding = 4; lastKnownFileType = sourcecode.cpp.cpp; name = imgui.cpp; path = ../../../thirdparty/imgui/imgui.cpp; sourceTree = "<group>"; };
		AB2DD0702BE5597C00113F09 /* imconfig.h */ = {isa = PBXFileReference; fileEncoding = 4; lastKnownFileType = sourcecode.c.h; name = imconfig.h; path = ../../../thirdparty/imgui/imconfig.h; sourceTree = "<group>"; };
		AB2DD0712BE5597C00113F09 /* imgui_widgets.cpp */ = {isa = PBXFileReference; fileEncoding = 4; lastKnownFileType = sourcecode.cpp.cpp; name = imgui_widgets.cpp; path = ../../../thirdparty/imgui/imgui_widgets.cpp; sourceTree = "<group>"; };
		AB2DD0722BE5597C00113F09 /* imstb_textedit.h */ = {isa = PBXFileReference; fileEncoding = 4; lastKnownFileType = sourcecode.c.h; name = imstb_textedit.h; path = ../../../thirdparty/imgui/imstb_textedit.h; sourceTree = "<group>"; };
		AB2DD0772BE559A000113F09 /* sceneview.cpp */ = {isa = PBXFileReference; fileEncoding = 4; lastKnownFileType = sourcecode.cpp.cpp; name = sceneview.cpp; path = ../../sceneview.cpp; sourceTree = "<group>"; };
		AB2DD07A2BE559F900113F09 /* theseus.framework */ = {isa = PBXFileReference; lastKnownFileType = wrapper.framework; name = theseus.framework; path = ../../../samples/hello_mac_ios/theseus.framework; sourceTree = "<group>"; };
		AB2DD07F2BE55A2E00113F09 /* gameobject.h */ = {isa = PBXFileReference; fileEncoding = 4; lastKnownFileType = sourcecode.c.h; name = gameobject.h; path = ../../../include/gameobject.h; sourceTree = "<group>"; };
		AB2DD0802BE55A2E00113F09 /* light.h */ = {isa = PBXFileReference; fileEncoding = 4; lastKnownFileType = sourcecode.c.h; name = light.h; path = ../../../include/light.h; sourceTree = "<group>"; };
		AB2DD0812BE55A2E00113F09 /* scene.h */ = {isa = PBXFileReference; fileEncoding = 4; lastKnownFileType = sourcecode.c.h; name = scene.h; path = ../../../include/scene.h; sourceTree = "<group>"; };
		AB2DD0822BE55A2E00113F09 /* window.h */ = {isa = PBXFileReference; fileEncoding = 4; lastKnownFileType = sourcecode.c.h; name = window.h; path = ../../../include/window.h; sourceTree = "<group>"; };
		AB2DD0832BE55A2E00113F09 /* transform.h */ = {isa = PBXFileReference; fileEncoding = 4; lastKnownFileType = sourcecode.c.h; name = transform.h; path = ../../../include/transform.h; sourceTree = "<group>"; };
		AB2DD0842BE55A2E00113F09 /* matrix.h */ = {isa = PBXFileReference; fileEncoding = 4; lastKnownFileType = sourcecode.c.h; name = matrix.h; path = ../../../include/matrix.h; sourceTree = "<group>"; };
		AB2DD0852BE55A2E00113F09 /* file.h */ = {isa = PBXFileReference; fileEncoding = 4; lastKnownFileType = sourcecode.c.h; name = file.h; path = ../../../include/file.h; sourceTree = "<group>"; };
		AB2DD0862BE55A2E00113F09 /* renderer.h */ = {isa = PBXFileReference; fileEncoding = 4; lastKnownFileType = sourcecode.c.h; name = renderer.h; path = ../../../include/renderer.h; sourceTree = "<group>"; };
		AB2DD0872BE55A2E00113F09 /* material.h */ = {isa = PBXFileReference; fileEncoding = 4; lastKnownFileType = sourcecode.c.h; name = material.h; path = ../../../include/material.h; sourceTree = "<group>"; };
		AB2DD0882BE55A2E00113F09 /* quaternion.h */ = {isa = PBXFileReference; fileEncoding = 4; lastKnownFileType = sourcecode.c.h; name = quaternion.h; path = ../../../include/quaternion.h; sourceTree = "<group>"; };
		AB2DD0892BE55A2E00113F09 /* vec3.h */ = {isa = PBXFileReference; fileEncoding = 4; lastKnownFileType = sourcecode.c.h; name = vec3.h; path = ../../../include/vec3.h; sourceTree = "<group>"; };
		AB2DD08A2BE55A2E00113F09 /* texture.h */ = {isa = PBXFileReference; fileEncoding = 4; lastKnownFileType = sourcecode.c.h; name = texture.h; path = ../../../include/texture.h; sourceTree = "<group>"; };
		AB2DD08B2BE55A2E00113F09 /* mesh.h */ = {isa = PBXFileReference; fileEncoding = 4; lastKnownFileType = sourcecode.c.h; name = mesh.h; path = ../../../include/mesh.h; sourceTree = "<group>"; };
		AB2DD08C2BE55A2E00113F09 /* shader.h */ = {isa = PBXFileReference; fileEncoding = 4; lastKnownFileType = sourcecode.c.h; name = shader.h; path = ../../../include/shader.h; sourceTree = "<group>"; };
		AB2DD08D2BE55A2E00113F09 /* camera.h */ = {isa = PBXFileReference; fileEncoding = 4; lastKnownFileType = sourcecode.c.h; name = camera.h; path = ../../../include/camera.h; sourceTree = "<group>"; };
		AB2DD08F2BE55D2500113F09 /* ubo.h */ = {isa = PBXFileReference; fileEncoding = 4; lastKnownFileType = sourcecode.c.h; name = ubo.h; path = ../../../shaders/metal/ubo.h; sourceTree = "<group>"; };
		AB2DD0902BE55D2500113F09 /* fullscreen.metal */ = {isa = PBXFileReference; fileEncoding = 4; lastKnownFileType = sourcecode.metal; name = fullscreen.metal; path = ../../../shaders/metal/fullscreen.metal; sourceTree = "<group>"; };
		AB2DD0912BE55D2500113F09 /* bloom.metal */ = {isa = PBXFileReference; fileEncoding = 4; lastKnownFileType = sourcecode.metal; name = bloom.metal; path = ../../../shaders/metal/bloom.metal; sourceTree = "<group>"; };
		AB2DD0922BE55D2500113F09 /* skybox.metal */ = {isa = PBXFileReference; fileEncoding = 4; lastKnownFileType = sourcecode.metal; name = skybox.metal; path = ../../../shaders/metal/skybox.metal; sourceTree = "<group>"; };
		AB2DD0932BE55D2500113F09 /* unlit.metal */ = {isa = PBXFileReference; fileEncoding = 4; lastKnownFileType = sourcecode.metal; name = unlit.metal; path = ../../../shaders/metal/unlit.metal; sourceTree = "<group>"; };
		AB2DD0942BE55D2500113F09 /* standard.metal */ = {isa = PBXFileReference; fileEncoding = 4; lastKnownFileType = sourcecode.metal; name = standard.metal; path = ../../../shaders/metal/standard.metal; sourceTree = "<group>"; };
		AB2DD0952BE55D2500113F09 /* ui.metal */ = {isa = PBXFileReference; fileEncoding = 4; lastKnownFileType = sourcecode.metal; name = ui.metal; path = ../../../shaders/metal/ui.metal; sourceTree = "<group>"; };
		ABAD0F472BEE17CA00F8D98B /* MetalKit.framework */ = {isa = PBXFileReference; lastKnownFileType = wrapper.framework; name = MetalKit.framework; path = System/Library/Frameworks/MetalKit.framework; sourceTree = SDKROOT; };
		ABAD0F492BEE181E00F8D98B /* ModelIO.framework */ = {isa = PBXFileReference; lastKnownFileType = wrapper.framework; name = ModelIO.framework; path = System/Library/Frameworks/ModelIO.framework; sourceTree = SDKROOT; };
		ABAD0F4B2BEE184500F8D98B /* Metal.framework */ = {isa = PBXFileReference; lastKnownFileType = wrapper.framework; name = Metal.framework; path = System/Library/Frameworks/Metal.framework; sourceTree = SDKROOT; };
		ABAD0F4D2BEE187500F8D98B /* Foundation.framework */ = {isa = PBXFileReference; lastKnownFileType = wrapper.framework; name = Foundation.framework; path = System/Library/Frameworks/Foundation.framework; sourceTree = SDKROOT; };
		ABAD0F4F2BEE189B00F8D98B /* AVFoundation.framework */ = {isa = PBXFileReference; lastKnownFileType = wrapper.framework; name = AVFoundation.framework; path = System/Library/Frameworks/AVFoundation.framework; sourceTree = SDKROOT; };
		ABAD0F512BEE18EE00F8D98B /* AppKit.framework */ = {isa = PBXFileReference; lastKnownFileType = wrapper.framework; name = AppKit.framework; path = System/Library/Frameworks/AppKit.framework; sourceTree = SDKROOT; };
/* End PBXFileReference section */

/* Begin PBXFrameworksBuildPhase section */
		AB0418102BE5585A00FCCA61 /* Frameworks */ = {
			isa = PBXFrameworksBuildPhase;
			buildActionMask = 2147483647;
			files = (
				ABAD0F522BEE18EE00F8D98B /* AppKit.framework in Frameworks */,
				ABAD0F4A2BEE181E00F8D98B /* ModelIO.framework in Frameworks */,
				AB2DD07B2BE559F900113F09 /* theseus.framework in Frameworks */,
				ABAD0F4C2BEE184500F8D98B /* Metal.framework in Frameworks */,
				ABAD0F482BEE17CA00F8D98B /* MetalKit.framework in Frameworks */,
			);
			runOnlyForDeploymentPostprocessing = 0;
		};
/* End PBXFrameworksBuildPhase section */

/* Begin PBXGroup section */
		AB04180A2BE5585A00FCCA61 = {
			isa = PBXGroup;
			children = (
				AB2DD08E2BE55D0F00113F09 /* shaders */,
				AB2DD07E2BE55A1200113F09 /* include */,
				AB2DD0682BE5594800113F09 /* imgui */,
				AB0418152BE5585A00FCCA61 /* TheseusEditor */,
				AB0418142BE5585A00FCCA61 /* Products */,
				AB2DD0792BE559F900113F09 /* Frameworks */,
			);
			sourceTree = "<group>";
		};
		AB0418142BE5585A00FCCA61 /* Products */ = {
			isa = PBXGroup;
			children = (
				AB0418132BE5585A00FCCA61 /* TheseusEditor.app */,
			);
			name = Products;
			sourceTree = "<group>";
		};
		AB0418152BE5585A00FCCA61 /* TheseusEditor */ = {
			isa = PBXGroup;
			children = (
				AB2DD0772BE559A000113F09 /* sceneview.cpp */,
				AB0418162BE5585A00FCCA61 /* AppDelegate.h */,
				AB0418172BE5585A00FCCA61 /* AppDelegate.m */,
				AB0418192BE5585A00FCCA61 /* RRenderer.h */,
				AB04181A2BE5585A00FCCA61 /* Renderer.m */,
				AB04181C2BE5585A00FCCA61 /* GameViewController.h */,
				AB04181D2BE5585A00FCCA61 /* GameViewController.mm */,
				AB04181F2BE5585A00FCCA61 /* Shaders.metal */,
				AB0418212BE5585A00FCCA61 /* ShaderTypes.h */,
				AB0418222BE5585B00FCCA61 /* Assets.xcassets */,
				AB0418242BE5585B00FCCA61 /* Main.storyboard */,
				AB0418272BE5585B00FCCA61 /* main.m */,
				AB0418292BE5585B00FCCA61 /* TheseusEditor.entitlements */,
			);
			path = TheseusEditor;
			sourceTree = "<group>";
		};
		AB2DD0682BE5594800113F09 /* imgui */ = {
			isa = PBXGroup;
			children = (
				AB2DD0702BE5597C00113F09 /* imconfig.h */,
				AB2DD06C2BE5597C00113F09 /* imgui_draw.cpp */,
				AB2DD06D2BE5597C00113F09 /* imgui_internal.h */,
				AB2DD0692BE5597C00113F09 /* imgui_tables.cpp */,
				AB2DD0712BE5597C00113F09 /* imgui_widgets.cpp */,
				AB2DD06F2BE5597C00113F09 /* imgui.cpp */,
				AB2DD06E2BE5597C00113F09 /* imgui.h */,
				AB2DD06A2BE5597C00113F09 /* imstb_rectpack.h */,
				AB2DD0722BE5597C00113F09 /* imstb_textedit.h */,
				AB2DD06B2BE5597C00113F09 /* imstb_truetype.h */,
			);
			name = imgui;
			sourceTree = "<group>";
		};
		AB2DD0792BE559F900113F09 /* Frameworks */ = {
			isa = PBXGroup;
			children = (
				ABAD0F512BEE18EE00F8D98B /* AppKit.framework */,
				ABAD0F4F2BEE189B00F8D98B /* AVFoundation.framework */,
				ABAD0F4D2BEE187500F8D98B /* Foundation.framework */,
				ABAD0F4B2BEE184500F8D98B /* Metal.framework */,
				ABAD0F492BEE181E00F8D98B /* ModelIO.framework */,
				ABAD0F472BEE17CA00F8D98B /* MetalKit.framework */,
				AB2DD07A2BE559F900113F09 /* theseus.framework */,
			);
			name = Frameworks;
			sourceTree = "<group>";
		};
		AB2DD07E2BE55A1200113F09 /* include */ = {
			isa = PBXGroup;
			children = (
				AB2DD08D2BE55A2E00113F09 /* camera.h */,
				AB2DD0852BE55A2E00113F09 /* file.h */,
				AB2DD07F2BE55A2E00113F09 /* gameobject.h */,
				AB2DD0802BE55A2E00113F09 /* light.h */,
				AB2DD0872BE55A2E00113F09 /* material.h */,
				AB2DD0842BE55A2E00113F09 /* matrix.h */,
				AB2DD08B2BE55A2E00113F09 /* mesh.h */,
				AB2DD0882BE55A2E00113F09 /* quaternion.h */,
				AB2DD0862BE55A2E00113F09 /* renderer.h */,
				AB2DD0812BE55A2E00113F09 /* scene.h */,
				AB2DD08C2BE55A2E00113F09 /* shader.h */,
				AB2DD08A2BE55A2E00113F09 /* texture.h */,
				AB2DD0832BE55A2E00113F09 /* transform.h */,
				AB2DD0892BE55A2E00113F09 /* vec3.h */,
				AB2DD0822BE55A2E00113F09 /* window.h */,
			);
			name = include;
			sourceTree = "<group>";
		};
		AB2DD08E2BE55D0F00113F09 /* shaders */ = {
			isa = PBXGroup;
			children = (
				AB2DD0912BE55D2500113F09 /* bloom.metal */,
				AB2DD0902BE55D2500113F09 /* fullscreen.metal */,
				AB2DD0922BE55D2500113F09 /* skybox.metal */,
				AB2DD0942BE55D2500113F09 /* standard.metal */,
				AB2DD08F2BE55D2500113F09 /* ubo.h */,
				AB2DD0952BE55D2500113F09 /* ui.metal */,
				AB2DD0932BE55D2500113F09 /* unlit.metal */,
			);
			name = shaders;
			sourceTree = "<group>";
		};
/* End PBXGroup section */

/* Begin PBXNativeTarget section */
		AB0418122BE5585A00FCCA61 /* TheseusEditor */ = {
			isa = PBXNativeTarget;
			buildConfigurationList = AB04182C2BE5585B00FCCA61 /* Build configuration list for PBXNativeTarget "TheseusEditor" */;
			buildPhases = (
				AB04180F2BE5585A00FCCA61 /* Sources */,
				AB0418102BE5585A00FCCA61 /* Frameworks */,
				AB0418112BE5585A00FCCA61 /* Resources */,
				AB2DD07D2BE559F900113F09 /* Embed Frameworks */,
			);
			buildRules = (
			);
			dependencies = (
			);
			name = TheseusEditor;
			productName = TheseusEditor;
			productReference = AB0418132BE5585A00FCCA61 /* TheseusEditor.app */;
			productType = "com.apple.product-type.application";
		};
/* End PBXNativeTarget section */

/* Begin PBXProject section */
		AB04180B2BE5585A00FCCA61 /* Project object */ = {
			isa = PBXProject;
			attributes = {
				BuildIndependentTargetsInParallel = 1;
				LastUpgradeCheck = 1520;
				TargetAttributes = {
					AB0418122BE5585A00FCCA61 = {
						CreatedOnToolsVersion = 15.2;
					};
				};
			};
			buildConfigurationList = AB04180E2BE5585A00FCCA61 /* Build configuration list for PBXProject "TheseusEditor" */;
			compatibilityVersion = "Xcode 14.0";
			developmentRegion = en;
			hasScannedForEncodings = 0;
			knownRegions = (
				en,
				Base,
			);
			mainGroup = AB04180A2BE5585A00FCCA61;
			productRefGroup = AB0418142BE5585A00FCCA61 /* Products */;
			projectDirPath = "";
			projectRoot = "";
			targets = (
				AB0418122BE5585A00FCCA61 /* TheseusEditor */,
			);
		};
/* End PBXProject section */

/* Begin PBXResourcesBuildPhase section */
		AB0418112BE5585A00FCCA61 /* Resources */ = {
			isa = PBXResourcesBuildPhase;
			buildActionMask = 2147483647;
			files = (
				AB0418232BE5585B00FCCA61 /* Assets.xcassets in Resources */,
				AB0418262BE5585B00FCCA61 /* Main.storyboard in Resources */,
			);
			runOnlyForDeploymentPostprocessing = 0;
		};
/* End PBXResourcesBuildPhase section */

/* Begin PBXSourcesBuildPhase section */
		AB04180F2BE5585A00FCCA61 /* Sources */ = {
			isa = PBXSourcesBuildPhase;
			buildActionMask = 2147483647;
			files = (
				AB2DD0992BE55D2500113F09 /* unlit.metal in Sources */,
				AB2DD0982BE55D2500113F09 /* skybox.metal in Sources */,
				AB0418282BE5585B00FCCA61 /* main.m in Sources */,
				AB2DD0782BE559A000113F09 /* sceneview.cpp in Sources */,
				AB2DD0742BE5597C00113F09 /* imgui_draw.cpp in Sources */,
				AB0418202BE5585A00FCCA61 /* Shaders.metal in Sources */,
				AB2DD09A2BE55D2500113F09 /* standard.metal in Sources */,
				AB2DD09B2BE55D2500113F09 /* ui.metal in Sources */,
				AB04181B2BE5585A00FCCA61 /* Renderer.m in Sources */,
				AB2DD0972BE55D2500113F09 /* bloom.metal in Sources */,
				AB04181E2BE5585A00FCCA61 /* GameViewController.mm in Sources */,
				AB2DD0752BE5597C00113F09 /* imgui.cpp in Sources */,
				AB2DD0732BE5597C00113F09 /* imgui_tables.cpp in Sources */,
				AB2DD0762BE5597C00113F09 /* imgui_widgets.cpp in Sources */,
				AB0418182BE5585A00FCCA61 /* AppDelegate.m in Sources */,
				AB2DD0962BE55D2500113F09 /* fullscreen.metal in Sources */,
			);
			runOnlyForDeploymentPostprocessing = 0;
		};
/* End PBXSourcesBuildPhase section */

/* Begin PBXVariantGroup section */
		AB0418242BE5585B00FCCA61 /* Main.storyboard */ = {
			isa = PBXVariantGroup;
			children = (
				AB0418252BE5585B00FCCA61 /* Base */,
			);
			name = Main.storyboard;
			sourceTree = "<group>";
		};
/* End PBXVariantGroup section */

/* Begin XCBuildConfiguration section */
		AB04182A2BE5585B00FCCA61 /* Debug */ = {
			isa = XCBuildConfiguration;
			buildSettings = {
				ALWAYS_SEARCH_USER_PATHS = NO;
				ASSETCATALOG_COMPILER_GENERATE_SWIFT_ASSET_SYMBOL_EXTENSIONS = YES;
				CLANG_ANALYZER_NONNULL = YES;
				CLANG_ANALYZER_NUMBER_OBJECT_CONVERSION = YES_AGGRESSIVE;
				CLANG_CXX_LANGUAGE_STANDARD = "gnu++20";
				CLANG_ENABLE_MODULES = YES;
				CLANG_ENABLE_OBJC_ARC = YES;
				CLANG_ENABLE_OBJC_WEAK = YES;
				CLANG_WARN_BLOCK_CAPTURE_AUTORELEASING = YES;
				CLANG_WARN_BOOL_CONVERSION = YES;
				CLANG_WARN_COMMA = YES;
				CLANG_WARN_CONSTANT_CONVERSION = YES;
				CLANG_WARN_DEPRECATED_OBJC_IMPLEMENTATIONS = YES;
				CLANG_WARN_DIRECT_OBJC_ISA_USAGE = YES_ERROR;
				CLANG_WARN_DOCUMENTATION_COMMENTS = YES;
				CLANG_WARN_EMPTY_BODY = YES;
				CLANG_WARN_ENUM_CONVERSION = YES;
				CLANG_WARN_INFINITE_RECURSION = YES;
				CLANG_WARN_INT_CONVERSION = YES;
				CLANG_WARN_NON_LITERAL_NULL_CONVERSION = YES;
				CLANG_WARN_OBJC_IMPLICIT_RETAIN_SELF = YES;
				CLANG_WARN_OBJC_LITERAL_CONVERSION = YES;
				CLANG_WARN_OBJC_ROOT_CLASS = YES_ERROR;
				CLANG_WARN_QUOTED_INCLUDE_IN_FRAMEWORK_HEADER = YES;
				CLANG_WARN_RANGE_LOOP_ANALYSIS = YES;
				CLANG_WARN_STRICT_PROTOTYPES = YES;
				CLANG_WARN_SUSPICIOUS_MOVE = YES;
				CLANG_WARN_UNGUARDED_AVAILABILITY = YES_AGGRESSIVE;
				CLANG_WARN_UNREACHABLE_CODE = YES;
				CLANG_WARN__DUPLICATE_METHOD_MATCH = YES;
				COPY_PHASE_STRIP = NO;
				DEBUG_INFORMATION_FORMAT = dwarf;
				ENABLE_STRICT_OBJC_MSGSEND = YES;
				ENABLE_TESTABILITY = YES;
				ENABLE_USER_SCRIPT_SANDBOXING = YES;
				GCC_C_LANGUAGE_STANDARD = gnu17;
				GCC_DYNAMIC_NO_PIC = NO;
				GCC_NO_COMMON_BLOCKS = YES;
				GCC_OPTIMIZATION_LEVEL = 0;
				GCC_PREPROCESSOR_DEFINITIONS = (
					"DEBUG=1",
					"$(inherited)",
				);
				GCC_WARN_64_TO_32_BIT_CONVERSION = YES;
				GCC_WARN_ABOUT_RETURN_TYPE = YES_ERROR;
				GCC_WARN_UNDECLARED_SELECTOR = YES;
				GCC_WARN_UNINITIALIZED_AUTOS = YES_AGGRESSIVE;
				GCC_WARN_UNUSED_FUNCTION = YES;
				GCC_WARN_UNUSED_VARIABLE = YES;
				LOCALIZATION_PREFERS_STRING_CATALOGS = YES;
				MACOSX_DEPLOYMENT_TARGET = 13.6;
				MTL_ENABLE_DEBUG_INFO = INCLUDE_SOURCE;
				MTL_FAST_MATH = YES;
				ONLY_ACTIVE_ARCH = YES;
				SDKROOT = macosx;
			};
			name = Debug;
		};
		AB04182B2BE5585B00FCCA61 /* Release */ = {
			isa = XCBuildConfiguration;
			buildSettings = {
				ALWAYS_SEARCH_USER_PATHS = NO;
				ASSETCATALOG_COMPILER_GENERATE_SWIFT_ASSET_SYMBOL_EXTENSIONS = YES;
				CLANG_ANALYZER_NONNULL = YES;
				CLANG_ANALYZER_NUMBER_OBJECT_CONVERSION = YES_AGGRESSIVE;
				CLANG_CXX_LANGUAGE_STANDARD = "gnu++20";
				CLANG_ENABLE_MODULES = YES;
				CLANG_ENABLE_OBJC_ARC = YES;
				CLANG_ENABLE_OBJC_WEAK = YES;
				CLANG_WARN_BLOCK_CAPTURE_AUTORELEASING = YES;
				CLANG_WARN_BOOL_CONVERSION = YES;
				CLANG_WARN_COMMA = YES;
				CLANG_WARN_CONSTANT_CONVERSION = YES;
				CLANG_WARN_DEPRECATED_OBJC_IMPLEMENTATIONS = YES;
				CLANG_WARN_DIRECT_OBJC_ISA_USAGE = YES_ERROR;
				CLANG_WARN_DOCUMENTATION_COMMENTS = YES;
				CLANG_WARN_EMPTY_BODY = YES;
				CLANG_WARN_ENUM_CONVERSION = YES;
				CLANG_WARN_INFINITE_RECURSION = YES;
				CLANG_WARN_INT_CONVERSION = YES;
				CLANG_WARN_NON_LITERAL_NULL_CONVERSION = YES;
				CLANG_WARN_OBJC_IMPLICIT_RETAIN_SELF = YES;
				CLANG_WARN_OBJC_LITERAL_CONVERSION = YES;
				CLANG_WARN_OBJC_ROOT_CLASS = YES_ERROR;
				CLANG_WARN_QUOTED_INCLUDE_IN_FRAMEWORK_HEADER = YES;
				CLANG_WARN_RANGE_LOOP_ANALYSIS = YES;
				CLANG_WARN_STRICT_PROTOTYPES = YES;
				CLANG_WARN_SUSPICIOUS_MOVE = YES;
				CLANG_WARN_UNGUARDED_AVAILABILITY = YES_AGGRESSIVE;
				CLANG_WARN_UNREACHABLE_CODE = YES;
				CLANG_WARN__DUPLICATE_METHOD_MATCH = YES;
				COPY_PHASE_STRIP = NO;
				DEBUG_INFORMATION_FORMAT = "dwarf-with-dsym";
				ENABLE_NS_ASSERTIONS = NO;
				ENABLE_STRICT_OBJC_MSGSEND = YES;
				ENABLE_USER_SCRIPT_SANDBOXING = YES;
				GCC_C_LANGUAGE_STANDARD = gnu17;
				GCC_NO_COMMON_BLOCKS = YES;
				GCC_WARN_64_TO_32_BIT_CONVERSION = YES;
				GCC_WARN_ABOUT_RETURN_TYPE = YES_ERROR;
				GCC_WARN_UNDECLARED_SELECTOR = YES;
				GCC_WARN_UNINITIALIZED_AUTOS = YES_AGGRESSIVE;
				GCC_WARN_UNUSED_FUNCTION = YES;
				GCC_WARN_UNUSED_VARIABLE = YES;
				LOCALIZATION_PREFERS_STRING_CATALOGS = YES;
				MACOSX_DEPLOYMENT_TARGET = 13.6;
				MTL_ENABLE_DEBUG_INFO = NO;
				MTL_FAST_MATH = YES;
				SDKROOT = macosx;
			};
			name = Release;
		};
		AB04182D2BE5585B00FCCA61 /* Debug */ = {
			isa = XCBuildConfiguration;
			buildSettings = {
				ASSETCATALOG_COMPILER_APPICON_NAME = AppIcon;
				ASSETCATALOG_COMPILER_GLOBAL_ACCENT_COLOR_NAME = AccentColor;
				CODE_SIGN_ENTITLEMENTS = TheseusEditor/TheseusEditor.entitlements;
				CODE_SIGN_STYLE = Automatic;
				COMBINE_HIDPI_IMAGES = YES;
				CURRENT_PROJECT_VERSION = 1;
				FRAMEWORK_SEARCH_PATHS = /Users/glaze/Documents/src/theseus/src/samples/hello_mac_ios;
				GCC_INPUT_FILETYPE = sourcecode.cpp.objcpp;
				GENERATE_INFOPLIST_FILE = YES;
				INFOPLIST_KEY_NSHumanReadableCopyright = "";
				INFOPLIST_KEY_NSMainStoryboardFile = Main;
				INFOPLIST_KEY_NSPrincipalClass = NSApplication;
				LD_RUNPATH_SEARCH_PATHS = (
					"$(inherited)",
					"@executable_path/../Frameworks",
				);
				MACOSX_DEPLOYMENT_TARGET = 13.3;
				MARKETING_VERSION = 1.0;
				PRODUCT_BUNDLE_IDENTIFIER = yourmom.TheseusEditor;
				PRODUCT_NAME = "$(TARGET_NAME)";
				SWIFT_EMIT_LOC_STRINGS = YES;
			};
			name = Debug;
		};
		AB04182E2BE5585B00FCCA61 /* Release */ = {
			isa = XCBuildConfiguration;
			buildSettings = {
				ASSETCATALOG_COMPILER_APPICON_NAME = AppIcon;
				ASSETCATALOG_COMPILER_GLOBAL_ACCENT_COLOR_NAME = AccentColor;
				CODE_SIGN_ENTITLEMENTS = TheseusEditor/TheseusEditor.entitlements;
				CODE_SIGN_STYLE = Automatic;
				COMBINE_HIDPI_IMAGES = YES;
				CURRENT_PROJECT_VERSION = 1;
				FRAMEWORK_SEARCH_PATHS = /Users/glaze/Documents/src/theseus/src/samples/hello_mac_ios;
				GCC_INPUT_FILETYPE = sourcecode.cpp.objcpp;
				GENERATE_INFOPLIST_FILE = YES;
				INFOPLIST_KEY_NSHumanReadableCopyright = "";
				INFOPLIST_KEY_NSMainStoryboardFile = Main;
				INFOPLIST_KEY_NSPrincipalClass = NSApplication;
				LD_RUNPATH_SEARCH_PATHS = (
					"$(inherited)",
					"@executable_path/../Frameworks",
				);
				MACOSX_DEPLOYMENT_TARGET = 13.3;
				MARKETING_VERSION = 1.0;
				PRODUCT_BUNDLE_IDENTIFIER = yourmom.TheseusEditor;
				PRODUCT_NAME = "$(TARGET_NAME)";
				SWIFT_EMIT_LOC_STRINGS = YES;
			};
			name = Release;
		};
/* End XCBuildConfiguration section */

/* Begin XCConfigurationList section */
		AB04180E2BE5585A00FCCA61 /* Build configuration list for PBXProject "TheseusEditor" */ = {
			isa = XCConfigurationList;
			buildConfigurations = (
				AB04182A2BE5585B00FCCA61 /* Debug */,
				AB04182B2BE5585B00FCCA61 /* Release */,
			);
			defaultConfigurationIsVisible = 0;
			defaultConfigurationName = Release;
		};
		AB04182C2BE5585B00FCCA61 /* Build configuration list for PBXNativeTarget "TheseusEditor" */ = {
			isa = XCConfigurationList;
			buildConfigurations = (
				AB04182D2BE5585B00FCCA61 /* Debug */,
				AB04182E2BE5585B00FCCA61 /* Release */,
			);
			defaultConfigurationIsVisible = 0;
			defaultConfigurationName = Release;
		};
/* End XCConfigurationList section */
	};
	rootObject = AB04180B2BE5585A00FCCA61 /* Project object */;
}
